
Microsoft Visual Studio Solution File, Format Version 12.00
# Visual Studio 11
Project("{FAE04EC0-301F-11D3-BF4B-00C04F79EFBC}") = "CameraControl", "CameraControl\CameraControl.csproj", "{F7E9F71C-F795-4963-BB6A-9469125478D6}"
	ProjectSection(ProjectDependencies) = postProject
		{809D01AA-F756-45F8-812D-089BF6C4923B} = {809D01AA-F756-45F8-812D-089BF6C4923B}
	EndProjectSection
EndProject
Project("{FAE04EC0-301F-11D3-BF4B-00C04F79EFBC}") = "ievent-csharp", "..\ievent-csharp\ievent-csharp\ievent-csharp.csproj", "{809D01AA-F756-45F8-812D-089BF6C4923B}"
EndProject
Global
	GlobalSection(SolutionConfigurationPlatforms) = preSolution
		Debug|Any CPU = Debug|Any CPU
		Release|Any CPU = Release|Any CPU
	EndGlobalSection
	GlobalSection(ProjectConfigurationPlatforms) = postSolution
		{809D01AA-F756-45F8-812D-089BF6C4923B}.Debug|Any CPU.ActiveCfg = Debug|Any CPU
		{809D01AA-F756-45F8-812D-089BF6C4923B}.Debug|Any CPU.Build.0 = Debug|Any CPU
		{809D01AA-F756-45F8-812D-089BF6C4923B}.Release|Any CPU.ActiveCfg = Release|Any CPU
		{809D01AA-F756-45F8-812D-089BF6C4923B}.Release|Any CPU.Build.0 = Release|Any CPU
		{F7E9F71C-F795-4963-BB6A-9469125478D6}.Debug|Any CPU.ActiveCfg = Debug|Any CPU
		{F7E9F71C-F795-4963-BB6A-9469125478D6}.Debug|Any CPU.Build.0 = Debug|Any CPU
		{F7E9F71C-F795-4963-BB6A-9469125478D6}.Release|Any CPU.ActiveCfg = Release|Any CPU
		{F7E9F71C-F795-4963-BB6A-9469125478D6}.Release|Any CPU.Build.0 = Release|Any CPU
	EndGlobalSection
	GlobalSection(SolutionProperties) = preSolution
		HideSolutionNode = FALSE
	EndGlobalSection
EndGlobal
